{
  "version": 4,
  "terraform_version": "1.5.5",
  "serial": 11,
  "lineage": "ebe934a1-e378-3e9d-9911-33f95fe70722",
  "outputs": {},
  "resources": [
    {
      "mode": "managed",
      "type": "local_file",
      "name": "Nature",
      "provider": "provider[\"registry.terraform.io/hashicorp/local\"]",
      "instances": [
        {
          "index_key": 0,
          "schema_version": 0,
          "attributes": {
            "content": "Nature is our god gift",
            "content_base64": null,
            "content_base64sha256": "rTmwodHjzJ8fn7g2oJw8g2PH3TgD3JxbiPn2z/u2VZM=",
            "content_base64sha512": "5IJm7JYwfOHRVRanYLNymGbFsN8lkXn/b488VHGlN0s++o/lUyMDLpYCJwYnG1D8Dn+23E4kM3lyQyW2KRsKHw==",
            "content_md5": "c09dd804c64b7ce08418ff4c1f123573",
            "content_sha1": "d7fc4af4b5c72a89201577936fb4764b1369b3db",
            "content_sha256": "ad39b0a1d1e3cc9f1f9fb836a09c3c8363c7dd3803dc9c5b88f9f6cffbb65593",
            "content_sha512": "e48266ec96307ce1d15516a760b3729866c5b0df259179ff6f8f3c5471a5374b3efa8fe55323032e96022706271b50fc0e7fb6dc4e243379724325b6291b0a1f",
            "directory_permission": "0777",
            "file_permission": "0777",
            "filename": "clouds.txt",
            "id": "d7fc4af4b5c72a89201577936fb4764b1369b3db",
            "sensitive_content": null,
            "source": null
          },
          "sensitive_attributes": []
        },
        {
          "index_key": 1,
          "schema_version": 0,
          "attributes": {
            "content": "Nature is our god gift",
            "content_base64": null,
            "content_base64sha256": "rTmwodHjzJ8fn7g2oJw8g2PH3TgD3JxbiPn2z/u2VZM=",
            "content_base64sha512": "5IJm7JYwfOHRVRanYLNymGbFsN8lkXn/b488VHGlN0s++o/lUyMDLpYCJwYnG1D8Dn+23E4kM3lyQyW2KRsKHw==",
            "content_md5": "c09dd804c64b7ce08418ff4c1f123573",
            "content_sha1": "d7fc4af4b5c72a89201577936fb4764b1369b3db",
            "content_sha256": "ad39b0a1d1e3cc9f1f9fb836a09c3c8363c7dd3803dc9c5b88f9f6cffbb65593",
            "content_sha512": "e48266ec96307ce1d15516a760b3729866c5b0df259179ff6f8f3c5471a5374b3efa8fe55323032e96022706271b50fc0e7fb6dc4e243379724325b6291b0a1f",
            "directory_permission": "0777",
            "file_permission": "0777",
            "filename": "natures.txt",
            "id": "d7fc4af4b5c72a89201577936fb4764b1369b3db",
            "sensitive_content": null,
            "source": null
          },
          "sensitive_attributes": []
        }
      ]
    }
  ],
  "check_results": null
}
